// !$*UTF8*$!
{
	archiveVersion = 1;
	classes = {
	};
	objectVersion = 56;
	objects = {

/* Begin PBXBuildFile section */
		3F6480A02B0F361300C74CBB /* HeaderView.swift in Sources */ = {isa = PBXBuildFile; fileRef = 3F64809F2B0F361300C74CBB /* HeaderView.swift */; };
		3F6480A42B0F368C00C74CBB /* UserModel.swift in Sources */ = {isa = PBXBuildFile; fileRef = 3F6480A32B0F368C00C74CBB /* UserModel.swift */; };
		3F6480A72B0F36F000C74CBB /* MainDoctorModel.swift in Sources */ = {isa = PBXBuildFile; fileRef = 3F6480A62B0F36F000C74CBB /* MainDoctorModel.swift */; };
		3F6480A92B0F378700C74CBB /* MainDoctorWidgetView.swift in Sources */ = {isa = PBXBuildFile; fileRef = 3F6480A82B0F378700C74CBB /* MainDoctorWidgetView.swift */; };
		3F6480AB2B0F381B00C74CBB /* SearchBarView.swift in Sources */ = {isa = PBXBuildFile; fileRef = 3F6480AA2B0F381B00C74CBB /* SearchBarView.swift */; };
		3F6480AD2B0F388A00C74CBB /* CategoriesModel.swift in Sources */ = {isa = PBXBuildFile; fileRef = 3F6480AC2B0F388A00C74CBB /* CategoriesModel.swift */; };
		3F6480AF2B0F38AD00C74CBB /* CategoryView.swift in Sources */ = {isa = PBXBuildFile; fileRef = 3F6480AE2B0F38AD00C74CBB /* CategoryView.swift */; };
		3F6480B12B0F397100C74CBB /* CategoriesView.swift in Sources */ = {isa = PBXBuildFile; fileRef = 3F6480B02B0F397100C74CBB /* CategoriesView.swift */; };
		3FE21F132B0F18830037C009 /* DoctorLabApp.swift in Sources */ = {isa = PBXBuildFile; fileRef = 3FE21F122B0F18830037C009 /* DoctorLabApp.swift */; };
		3FE21F152B0F18830037C009 /* ContentView.swift in Sources */ = {isa = PBXBuildFile; fileRef = 3FE21F142B0F18830037C009 /* ContentView.swift */; };
		3FE21F172B0F18850037C009 /* Assets.xcassets in Resources */ = {isa = PBXBuildFile; fileRef = 3FE21F162B0F18850037C009 /* Assets.xcassets */; };
		3FE21F1A2B0F18850037C009 /* Preview Assets.xcassets in Resources */ = {isa = PBXBuildFile; fileRef = 3FE21F192B0F18850037C009 /* Preview Assets.xcassets */; };
		3FE21F242B0F18860037C009 /* DoctorLabTests.swift in Sources */ = {isa = PBXBuildFile; fileRef = 3FE21F232B0F18860037C009 /* DoctorLabTests.swift */; };
		3FE21F2E2B0F18860037C009 /* DoctorLabUITests.swift in Sources */ = {isa = PBXBuildFile; fileRef = 3FE21F2D2B0F18860037C009 /* DoctorLabUITests.swift */; };
		3FE21F302B0F18860037C009 /* DoctorLabUITestsLaunchTests.swift in Sources */ = {isa = PBXBuildFile; fileRef = 3FE21F2F2B0F18860037C009 /* DoctorLabUITestsLaunchTests.swift */; };
/* End PBXBuildFile section */

/* Begin PBXContainerItemProxy section */
		3FE21F202B0F18860037C009 /* PBXContainerItemProxy */ = {
			isa = PBXContainerItemProxy;
			containerPortal = 3FE21F072B0F18830037C009 /* Project object */;
			proxyType = 1;
			remoteGlobalIDString = 3FE21F0E2B0F18830037C009;
			remoteInfo = DoctorLab;
		};
		3FE21F2A2B0F18860037C009 /* PBXContainerItemProxy */ = {
			isa = PBXContainerItemProxy;
			containerPortal = 3FE21F072B0F18830037C009 /* Project object */;
			proxyType = 1;
			remoteGlobalIDString = 3FE21F0E2B0F18830037C009;
			remoteInfo = DoctorLab;
		};
/* End PBXContainerItemProxy section */

/* Begin PBXFileReference section */
		3F64809F2B0F361300C74CBB /* HeaderView.swift */ = {isa = PBXFileReference; lastKnownFileType = sourcecode.swift; path = HeaderView.swift; sourceTree = "<group>"; };
		3F6480A32B0F368C00C74CBB /* UserModel.swift */ = {isa = PBXFileReference; lastKnownFileType = sourcecode.swift; path = UserModel.swift; sourceTree = "<group>"; };
		3F6480A62B0F36F000C74CBB /* MainDoctorModel.swift */ = {isa = PBXFileReference; lastKnownFileType = sourcecode.swift; path = MainDoctorModel.swift; sourceTree = "<group>"; };
		3F6480A82B0F378700C74CBB /* MainDoctorWidgetView.swift */ = {isa = PBXFileReference; lastKnownFileType = sourcecode.swift; path = MainDoctorWidgetView.swift; sourceTree = "<group>"; };
		3F6480AA2B0F381B00C74CBB /* SearchBarView.swift */ = {isa = PBXFileReference; lastKnownFileType = sourcecode.swift; path = SearchBarView.swift; sourceTree = "<group>"; };
		3F6480AC2B0F388A00C74CBB /* CategoriesModel.swift */ = {isa = PBXFileReference; lastKnownFileType = sourcecode.swift; path = CategoriesModel.swift; sourceTree = "<group>"; };
		3F6480AE2B0F38AD00C74CBB /* CategoryView.swift */ = {isa = PBXFileReference; lastKnownFileType = sourcecode.swift; path = CategoryView.swift; sourceTree = "<group>"; };
		3F6480B02B0F397100C74CBB /* CategoriesView.swift */ = {isa = PBXFileReference; lastKnownFileType = sourcecode.swift; path = CategoriesView.swift; sourceTree = "<group>"; };
		3FE21F0F2B0F18830037C009 /* DoctorLab.app */ = {isa = PBXFileReference; explicitFileType = wrapper.application; includeInIndex = 0; path = DoctorLab.app; sourceTree = BUILT_PRODUCTS_DIR; };
		3FE21F122B0F18830037C009 /* DoctorLabApp.swift */ = {isa = PBXFileReference; lastKnownFileType = sourcecode.swift; path = DoctorLabApp.swift; sourceTree = "<group>"; };
		3FE21F142B0F18830037C009 /* ContentView.swift */ = {isa = PBXFileReference; lastKnownFileType = sourcecode.swift; path = ContentView.swift; sourceTree = "<group>"; };
		3FE21F162B0F18850037C009 /* Assets.xcassets */ = {isa = PBXFileReference; lastKnownFileType = folder.assetcatalog; path = Assets.xcassets; sourceTree = "<group>"; };
		3FE21F192B0F18850037C009 /* Preview Assets.xcassets */ = {isa = PBXFileReference; lastKnownFileType = folder.assetcatalog; path = "Preview Assets.xcassets"; sourceTree = "<group>"; };
		3FE21F1F2B0F18860037C009 /* DoctorLabTests.xctest */ = {isa = PBXFileReference; explicitFileType = wrapper.cfbundle; includeInIndex = 0; path = DoctorLabTests.xctest; sourceTree = BUILT_PRODUCTS_DIR; };
		3FE21F232B0F18860037C009 /* DoctorLabTests.swift */ = {isa = PBXFileReference; lastKnownFileType = sourcecode.swift; path = DoctorLabTests.swift; sourceTree = "<group>"; };
		3FE21F292B0F18860037C009 /* DoctorLabUITests.xctest */ = {isa = PBXFileReference; explicitFileType = wrapper.cfbundle; includeInIndex = 0; path = DoctorLabUITests.xctest; sourceTree = BUILT_PRODUCTS_DIR; };
		3FE21F2D2B0F18860037C009 /* DoctorLabUITests.swift */ = {isa = PBXFileReference; lastKnownFileType = sourcecode.swift; path = DoctorLabUITests.swift; sourceTree = "<group>"; };
		3FE21F2F2B0F18860037C009 /* DoctorLabUITestsLaunchTests.swift */ = {isa = PBXFileReference; lastKnownFileType = sourcecode.swift; path = DoctorLabUITestsLaunchTests.swift; sourceTree = "<group>"; };
/* End PBXFileReference section */

/* Begin PBXFrameworksBuildPhase section */
		3FE21F0C2B0F18830037C009 /* Frameworks */ = {
			isa = PBXFrameworksBuildPhase;
			buildActionMask = 2147483647;
			files = (
			);
			runOnlyForDeploymentPostprocessing = 0;
		};
		3FE21F1C2B0F18860037C009 /* Frameworks */ = {
			isa = PBXFrameworksBuildPhase;
			buildActionMask = 2147483647;
			files = (
			);
			runOnlyForDeploymentPostprocessing = 0;
		};
		3FE21F262B0F18860037C009 /* Frameworks */ = {
			isa = PBXFrameworksBuildPhase;
			buildActionMask = 2147483647;
			files = (
			);
			runOnlyForDeploymentPostprocessing = 0;
		};
/* End PBXFrameworksBuildPhase section */

/* Begin PBXGroup section */
		3F64809E2B0F35E000C74CBB /* View */ = {
			isa = PBXGroup;
			children = (
				3F64809F2B0F361300C74CBB /* HeaderView.swift */,
				3F6480A82B0F378700C74CBB /* MainDoctorWidgetView.swift */,
				3F6480AA2B0F381B00C74CBB /* SearchBarView.swift */,
				3F6480AE2B0F38AD00C74CBB /* CategoryView.swift */,
				3F6480B02B0F397100C74CBB /* CategoriesView.swift */,
			);
			path = View;
			sourceTree = "<group>";
		};
		3F6480A12B0F364900C74CBB /* Model */ = {
			isa = PBXGroup;
			children = (
				3F6480A32B0F368C00C74CBB /* UserModel.swift */,
				3F6480A62B0F36F000C74CBB /* MainDoctorModel.swift */,
				3F6480AC2B0F388A00C74CBB /* CategoriesModel.swift */,
			);
			path = Model;
			sourceTree = "<group>";
		};
		3FE21F062B0F18830037C009 = {
			isa = PBXGroup;
			children = (
				3FE21F112B0F18830037C009 /* DoctorLab */,
				3FE21F222B0F18860037C009 /* DoctorLabTests */,
				3FE21F2C2B0F18860037C009 /* DoctorLabUITests */,
				3FE21F102B0F18830037C009 /* Products */,
			);
			sourceTree = "<group>";
		};
		3FE21F102B0F18830037C009 /* Products */ = {
			isa = PBXGroup;
			children = (
				3FE21F0F2B0F18830037C009 /* DoctorLab.app */,
				3FE21F1F2B0F18860037C009 /* DoctorLabTests.xctest */,
				3FE21F292B0F18860037C009 /* DoctorLabUITests.xctest */,
			);
			name = Products;
			sourceTree = "<group>";
		};
		3FE21F112B0F18830037C009 /* DoctorLab */ = {
			isa = PBXGroup;
			children = (
				3F6480A12B0F364900C74CBB /* Model */,
				3F64809E2B0F35E000C74CBB /* View */,
				3FE21F142B0F18830037C009 /* ContentView.swift */,
				3FE21F122B0F18830037C009 /* DoctorLabApp.swift */,
				3FE21F162B0F18850037C009 /* Assets.xcassets */,
				3FE21F182B0F18850037C009 /* Preview Content */,
			);
			path = DoctorLab;
			sourceTree = "<group>";
		};
		3FE21F182B0F18850037C009 /* Preview Content */ = {
			isa = PBXGroup;
			children = (
				3FE21F192B0F18850037C009 /* Preview Assets.xcassets */,
			);
			path = "Preview Content";
			sourceTree = "<group>";
		};
		3FE21F222B0F18860037C009 /* DoctorLabTests */ = {
			isa = PBXGroup;
			children = (
				3FE21F232B0F18860037C009 /* DoctorLabTests.swift */,
			);
			path = DoctorLabTests;
			sourceTree = "<group>";
		};
		3FE21F2C2B0F18860037C009 /* DoctorLabUITests */ = {
			isa = PBXGroup;
			children = (
				3FE21F2D2B0F18860037C009 /* DoctorLabUITests.swift */,
				3FE21F2F2B0F18860037C009 /* DoctorLabUITestsLaunchTests.swift */,
			);
			path = DoctorLabUITests;
			sourceTree = "<group>";
		};
/* End PBXGroup section */

/* Begin PBXNativeTarget section */
		3FE21F0E2B0F18830037C009 /* DoctorLab */ = {
			isa = PBXNativeTarget;
			buildConfigurationList = 3FE21F332B0F18860037C009 /* Build configuration list for PBXNativeTarget "DoctorLab" */;
			buildPhases = (
				3FE21F0B2B0F18830037C009 /* Sources */,
				3FE21F0C2B0F18830037C009 /* Frameworks */,
				3FE21F0D2B0F18830037C009 /* Resources */,
			);
			buildRules = (
			);
			dependencies = (
			);
			name = DoctorLab;
			productName = DoctorLab;
			productReference = 3FE21F0F2B0F18830037C009 /* DoctorLab.app */;
			productType = "com.apple.product-type.application";
		};
		3FE21F1E2B0F18860037C009 /* DoctorLabTests */ = {
			isa = PBXNativeTarget;
			buildConfigurationList = 3FE21F362B0F18860037C009 /* Build configuration list for PBXNativeTarget "DoctorLabTests" */;
			buildPhases = (
				3FE21F1B2B0F18860037C009 /* Sources */,
				3FE21F1C2B0F18860037C009 /* Frameworks */,
				3FE21F1D2B0F18860037C009 /* Resources */,
			);
			buildRules = (
			);
			dependencies = (
				3FE21F212B0F18860037C009 /* PBXTargetDependency */,
			);
			name = DoctorLabTests;
			productName = DoctorLabTests;
			productReference = 3FE21F1F2B0F18860037C009 /* DoctorLabTests.xctest */;
			productType = "com.apple.product-type.bundle.unit-test";
		};
		3FE21F282B0F18860037C009 /* DoctorLabUITests */ = {
			isa = PBXNativeTarget;
			buildConfigurationList = 3FE21F392B0F18860037C009 /* Build configuration list for PBXNativeTarget "DoctorLabUITests" */;
			buildPhases = (
				3FE21F252B0F18860037C009 /* Sources */,
				3FE21F262B0F18860037C009 /* Frameworks */,
				3FE21F272B0F18860037C009 /* Resources */,
			);
			buildRules = (
			);
			dependencies = (
				3FE21F2B2B0F18860037C009 /* PBXTargetDependency */,
			);
			name = DoctorLabUITests;
			productName = DoctorLabUITests;
			productReference = 3FE21F292B0F18860037C009 /* DoctorLabUITests.xctest */;
			productType = "com.apple.product-type.bundle.ui-testing";
		};
/* End PBXNativeTarget section */

/* Begin PBXProject section */
		3FE21F072B0F18830037C009 /* Project object */ = {
			isa = PBXProject;
			attributes = {
				BuildIndependentTargetsInParallel = 1;
				LastSwiftUpdateCheck = 1420;
				LastUpgradeCheck = 1420;
				TargetAttributes = {
					3FE21F0E2B0F18830037C009 = {
						CreatedOnToolsVersion = 14.2;
					};
					3FE21F1E2B0F18860037C009 = {
						CreatedOnToolsVersion = 14.2;
						TestTargetID = 3FE21F0E2B0F18830037C009;
					};
					3FE21F282B0F18860037C009 = {
						CreatedOnToolsVersion = 14.2;
						TestTargetID = 3FE21F0E2B0F18830037C009;
					};
				};
			};
			buildConfigurationList = 3FE21F0A2B0F18830037C009 /* Build configuration list for PBXProject "DoctorLab" */;
			compatibilityVersion = "Xcode 14.0";
			developmentRegion = en;
			hasScannedForEncodings = 0;
			knownRegions = (
				en,
				Base,
			);
			mainGroup = 3FE21F062B0F18830037C009;
			productRefGroup = 3FE21F102B0F18830037C009 /* Products */;
			projectDirPath = "";
			projectRoot = "";
			targets = (
				3FE21F0E2B0F18830037C009 /* DoctorLab */,
				3FE21F1E2B0F18860037C009 /* DoctorLabTests */,
				3FE21F282B0F18860037C009 /* DoctorLabUITests */,
			);
		};
/* End PBXProject section */

/* Begin PBXResourcesBuildPhase section */
		3FE21F0D2B0F18830037C009 /* Resources */ = {
			isa = PBXResourcesBuildPhase;
			buildActionMask = 2147483647;
			files = (
				3FE21F1A2B0F18850037C009 /* Preview Assets.xcassets in Resources */,
				3FE21F172B0F18850037C009 /* Assets.xcassets in Resources */,
			);
			runOnlyForDeploymentPostprocessing = 0;
		};
		3FE21F1D2B0F18860037C009 /* Resources */ = {
			isa = PBXResourcesBuildPhase;
			buildActionMask = 2147483647;
			files = (
			);
			runOnlyForDeploymentPostprocessing = 0;
		};
		3FE21F272B0F18860037C009 /* Resources */ = {
			isa = PBXResourcesBuildPhase;
			buildActionMask = 2147483647;
			files = (
			);
			runOnlyForDeploymentPostprocessing = 0;
		};
/* End PBXResourcesBuildPhase section */

/* Begin PBXSourcesBuildPhase section */
		3FE21F0B2B0F18830037C009 /* Sources */ = {
			isa = PBXSourcesBuildPhase;
			buildActionMask = 2147483647;
			files = (
				3FE21F152B0F18830037C009 /* ContentView.swift in Sources */,
				3F6480A72B0F36F000C74CBB /* MainDoctorModel.swift in Sources */,
				3F6480A92B0F378700C74CBB /* MainDoctorWidgetView.swift in Sources */,
				3F6480AB2B0F381B00C74CBB /* SearchBarView.swift in Sources */,
				3F6480A02B0F361300C74CBB /* HeaderView.swift in Sources */,
				3F6480A42B0F368C00C74CBB /* UserModel.swift in Sources */,
				3FE21F132B0F18830037C009 /* DoctorLabApp.swift in Sources */,
				3F6480AD2B0F388A00C74CBB /* CategoriesModel.swift in Sources */,
				3F6480B12B0F397100C74CBB /* CategoriesView.swift in Sources */,
				3F6480AF2B0F38AD00C74CBB /* CategoryView.swift in Sources */,
			);
			runOnlyForDeploymentPostprocessing = 0;
		};
		3FE21F1B2B0F18860037C009 /* Sources */ = {
			isa = PBXSourcesBuildPhase;
			buildActionMask = 2147483647;
			files = (
				3FE21F242B0F18860037C009 /* DoctorLabTests.swift in Sources */,
			);
			runOnlyForDeploymentPostprocessing = 0;
		};
		3FE21F252B0F18860037C009 /* Sources */ = {
			isa = PBXSourcesBuildPhase;
			buildActionMask = 2147483647;
			files = (
				3FE21F2E2B0F18860037C009 /* DoctorLabUITests.swift in Sources */,
				3FE21F302B0F18860037C009 /* DoctorLabUITestsLaunchTests.swift in Sources */,
			);
			runOnlyForDeploymentPostprocessing = 0;
		};
/* End PBXSourcesBuildPhase section */

/* Begin PBXTargetDependency section */
		3FE21F212B0F18860037C009 /* PBXTargetDependency */ = {
			isa = PBXTargetDependency;
			target = 3FE21F0E2B0F18830037C009 /* DoctorLab */;
			targetProxy = 3FE21F202B0F18860037C009 /* PBXContainerItemProxy */;
		};
		3FE21F2B2B0F18860037C009 /* PBXTargetDependency */ = {
			isa = PBXTargetDependency;
			target = 3FE21F0E2B0F18830037C009 /* DoctorLab */;
			targetProxy = 3FE21F2A2B0F18860037C009 /* PBXContainerItemProxy */;
		};
/* End PBXTargetDependency section */

/* Begin XCBuildConfiguration section */
		3FE21F312B0F18860037C009 /* Debug */ = {
			isa = XCBuildConfiguration;
			buildSettings = {
				ALWAYS_SEARCH_USER_PATHS = NO;
				CLANG_ANALYZER_NONNULL = YES;
				CLANG_ANALYZER_NUMBER_OBJECT_CONVERSION = YES_AGGRESSIVE;
				CLANG_CXX_LANGUAGE_STANDARD = "gnu++20";
				CLANG_ENABLE_MODULES = YES;
				CLANG_ENABLE_OBJC_ARC = YES;
				CLANG_ENABLE_OBJC_WEAK = YES;
				CLANG_WARN_BLOCK_CAPTURE_AUTORELEASING = YES;
				CLANG_WARN_BOOL_CONVERSION = YES;
				CLANG_WARN_COMMA = YES;
				CLANG_WARN_CONSTANT_CONVERSION = YES;
				CLANG_WARN_DEPRECATED_OBJC_IMPLEMENTATIONS = YES;
				CLANG_WARN_DIRECT_OBJC_ISA_USAGE = YES_ERROR;
				CLANG_WARN_DOCUMENTATION_COMMENTS = YES;
				CLANG_WARN_EMPTY_BODY = YES;
				CLANG_WARN_ENUM_CONVERSION = YES;
				CLANG_WARN_INFINITE_RECURSION = YES;
				CLANG_WARN_INT_CONVERSION = YES;
				CLANG_WARN_NON_LITERAL_NULL_CONVERSION = YES;
				CLANG_WARN_OBJC_IMPLICIT_RETAIN_SELF = YES;
				CLANG_WARN_OBJC_LITERAL_CONVERSION = YES;
				CLANG_WARN_OBJC_ROOT_CLASS = YES_ERROR;
				CLANG_WARN_QUOTED_INCLUDE_IN_FRAMEWORK_HEADER = YES;
				CLANG_WARN_RANGE_LOOP_ANALYSIS = YES;
				CLANG_WARN_STRICT_PROTOTYPES = YES;
				CLANG_WARN_SUSPICIOUS_MOVE = YES;
				CLANG_WARN_UNGUARDED_AVAILABILITY = YES_AGGRESSIVE;
				CLANG_WARN_UNREACHABLE_CODE = YES;
				CLANG_WARN__DUPLICATE_METHOD_MATCH = YES;
				COPY_PHASE_STRIP = NO;
				DEBUG_INFORMATION_FORMAT = dwarf;
				ENABLE_STRICT_OBJC_MSGSEND = YES;
				ENABLE_TESTABILITY = YES;
				GCC_C_LANGUAGE_STANDARD = gnu11;
				GCC_DYNAMIC_NO_PIC = NO;
				GCC_NO_COMMON_BLOCKS = YES;
				GCC_OPTIMIZATION_LEVEL = 0;
				GCC_PREPROCESSOR_DEFINITIONS = (
					"DEBUG=1",
					"$(inherited)",
				);
				GCC_WARN_64_TO_32_BIT_CONVERSION = YES;
				GCC_WARN_ABOUT_RETURN_TYPE = YES_ERROR;
				GCC_WARN_UNDECLARED_SELECTOR = YES;
				GCC_WARN_UNINITIALIZED_AUTOS = YES_AGGRESSIVE;
				GCC_WARN_UNUSED_FUNCTION = YES;
				GCC_WARN_UNUSED_VARIABLE = YES;
				IPHONEOS_DEPLOYMENT_TARGET = 16.2;
				MTL_ENABLE_DEBUG_INFO = INCLUDE_SOURCE;
				MTL_FAST_MATH = YES;
				ONLY_ACTIVE_ARCH = YES;
				SDKROOT = iphoneos;
				SWIFT_ACTIVE_COMPILATION_CONDITIONS = DEBUG;
				SWIFT_OPTIMIZATION_LEVEL = "-Onone";
			};
			name = Debug;
		};
		3FE21F322B0F18860037C009 /* Release */ = {
			isa = XCBuildConfiguration;
			buildSettings = {
				ALWAYS_SEARCH_USER_PATHS = NO;
				CLANG_ANALYZER_NONNULL = YES;
				CLANG_ANALYZER_NUMBER_OBJECT_CONVERSION = YES_AGGRESSIVE;
				CLANG_CXX_LANGUAGE_STANDARD = "gnu++20";
				CLANG_ENABLE_MODULES = YES;
				CLANG_ENABLE_OBJC_ARC = YES;
				CLANG_ENABLE_OBJC_WEAK = YES;
				CLANG_WARN_BLOCK_CAPTURE_AUTORELEASING = YES;
				CLANG_WARN_BOOL_CONVERSION = YES;
				CLANG_WARN_COMMA = YES;
				CLANG_WARN_CONSTANT_CONVERSION = YES;
				CLANG_WARN_DEPRECATED_OBJC_IMPLEMENTATIONS = YES;
				CLANG_WARN_DIRECT_OBJC_ISA_USAGE = YES_ERROR;
				CLANG_WARN_DOCUMENTATION_COMMENTS = YES;
				CLANG_WARN_EMPTY_BODY = YES;
				CLANG_WARN_ENUM_CONVERSION = YES;
				CLANG_WARN_INFINITE_RECURSION = YES;
				CLANG_WARN_INT_CONVERSION = YES;
				CLANG_WARN_NON_LITERAL_NULL_CONVERSION = YES;
				CLANG_WARN_OBJC_IMPLICIT_RETAIN_SELF = YES;
				CLANG_WARN_OBJC_LITERAL_CONVERSION = YES;
				CLANG_WARN_OBJC_ROOT_CLASS = YES_ERROR;
				CLANG_WARN_QUOTED_INCLUDE_IN_FRAMEWORK_HEADER = YES;
				CLANG_WARN_RANGE_LOOP_ANALYSIS = YES;
				CLANG_WARN_STRICT_PROTOTYPES = YES;
				CLANG_WARN_SUSPICIOUS_MOVE = YES;
				CLANG_WARN_UNGUARDED_AVAILABILITY = YES_AGGRESSIVE;
				CLANG_WARN_UNREACHABLE_CODE = YES;
				CLANG_WARN__DUPLICATE_METHOD_MATCH = YES;
				COPY_PHASE_STRIP = NO;
				DEBUG_INFORMATION_FORMAT = "dwarf-with-dsym";
				ENABLE_NS_ASSERTIONS = NO;
				ENABLE_STRICT_OBJC_MSGSEND = YES;
				GCC_C_LANGUAGE_STANDARD = gnu11;
				GCC_NO_COMMON_BLOCKS = YES;
				GCC_WARN_64_TO_32_BIT_CONVERSION = YES;
				GCC_WARN_ABOUT_RETURN_TYPE = YES_ERROR;
				GCC_WARN_UNDECLARED_SELECTOR = YES;
				GCC_WARN_UNINITIALIZED_AUTOS = YES_AGGRESSIVE;
				GCC_WARN_UNUSED_FUNCTION = YES;
				GCC_WARN_UNUSED_VARIABLE = YES;
				IPHONEOS_DEPLOYMENT_TARGET = 16.2;
				MTL_ENABLE_DEBUG_INFO = NO;
				MTL_FAST_MATH = YES;
				SDKROOT = iphoneos;
				SWIFT_COMPILATION_MODE = wholemodule;
				SWIFT_OPTIMIZATION_LEVEL = "-O";
				VALIDATE_PRODUCT = YES;
			};
			name = Release;
		};
		3FE21F342B0F18860037C009 /* Debug */ = {
			isa = XCBuildConfiguration;
			buildSettings = {
				ASSETCATALOG_COMPILER_APPICON_NAME = AppIcon;
				ASSETCATALOG_COMPILER_GLOBAL_ACCENT_COLOR_NAME = AccentColor;
				CODE_SIGN_STYLE = Automatic;
				CURRENT_PROJECT_VERSION = 1;
				DEVELOPMENT_ASSET_PATHS = "\"DoctorLab/Preview Content\"";
				DEVELOPMENT_TEAM = GFT9G3BNCG;
				ENABLE_PREVIEWS = YES;
				GENERATE_INFOPLIST_FILE = YES;
				INFOPLIST_KEY_UIApplicationSceneManifest_Generation = YES;
				INFOPLIST_KEY_UIApplicationSupportsIndirectInputEvents = YES;
				INFOPLIST_KEY_UILaunchScreen_Generation = YES;
				INFOPLIST_KEY_UISupportedInterfaceOrientations_iPad = "UIInterfaceOrientationPortrait UIInterfaceOrientationPortraitUpsideDown UIInterfaceOrientationLandscapeLeft UIInterfaceOrientationLandscapeRight";
				INFOPLIST_KEY_UISupportedInterfaceOrientations_iPhone = "UIInterfaceOrientationPortrait UIInterfaceOrientationLandscapeLeft UIInterfaceOrientationLandscapeRight";
				LD_RUNPATH_SEARCH_PATHS = (
					"$(inherited)",
					"@executable_path/Frameworks",
				);
				MARKETING_VERSION = 1.0;
				PRODUCT_BUNDLE_IDENTIFIER = com.andreksus.DoctorLab;
				PRODUCT_NAME = "$(TARGET_NAME)";
				SWIFT_EMIT_LOC_STRINGS = YES;
				SWIFT_VERSION = 5.0;
				TARGETED_DEVICE_FAMILY = "1,2";
			};
			name = Debug;
		};
		3FE21F352B0F18860037C009 /* Release */ = {
			isa = XCBuildConfiguration;
			buildSettings = {
				ASSETCATALOG_COMPILER_APPICON_NAME = AppIcon;
				ASSETCATALOG_COMPILER_GLOBAL_ACCENT_COLOR_NAME = AccentColor;
				CODE_SIGN_STYLE = Automatic;
				CURRENT_PROJECT_VERSION = 1;
				DEVELOPMENT_ASSET_PATHS = "\"DoctorLab/Preview Content\"";
				DEVELOPMENT_TEAM = GFT9G3BNCG;
				ENABLE_PREVIEWS = YES;
				GENERATE_INFOPLIST_FILE = YES;
				INFOPLIST_KEY_UIApplicationSceneManifest_Generation = YES;
				INFOPLIST_KEY_UIApplicationSupportsIndirectInputEvents = YES;
				INFOPLIST_KEY_UILaunchScreen_Generation = YES;
				INFOPLIST_KEY_UISupportedInterfaceOrientations_iPad = "UIInterfaceOrientationPortrait UIInterfaceOrientationPortraitUpsideDown UIInterfaceOrientationLandscapeLeft UIInterfaceOrientationLandscapeRight";
				INFOPLIST_KEY_UISupportedInterfaceOrientations_iPhone = "UIInterfaceOrientationPortrait UIInterfaceOrientationLandscapeLeft UIInterfaceOrientationLandscapeRight";
				LD_RUNPATH_SEARCH_PATHS = (
					"$(inherited)",
					"@executable_path/Frameworks",
				);
				MARKETING_VERSION = 1.0;
				PRODUCT_BUNDLE_IDENTIFIER = com.andreksus.DoctorLab;
				PRODUCT_NAME = "$(TARGET_NAME)";
				SWIFT_EMIT_LOC_STRINGS = YES;
				SWIFT_VERSION = 5.0;
				TARGETED_DEVICE_FAMILY = "1,2";
			};
			name = Release;
		};
		3FE21F372B0F18860037C009 /* Debug */ = {
			isa = XCBuildConfiguration;
			buildSettings = {
				ALWAYS_EMBED_SWIFT_STANDARD_LIBRARIES = YES;
				BUNDLE_LOADER = "$(TEST_HOST)";
				CODE_SIGN_STYLE = Automatic;
				CURRENT_PROJECT_VERSION = 1;
				DEVELOPMENT_TEAM = GFT9G3BNCG;
				GENERATE_INFOPLIST_FILE = YES;
				IPHONEOS_DEPLOYMENT_TARGET = 16.2;
				MARKETING_VERSION = 1.0;
				PRODUCT_BUNDLE_IDENTIFIER = com.andreksus.DoctorLabTests;
				PRODUCT_NAME = "$(TARGET_NAME)";
				SWIFT_EMIT_LOC_STRINGS = NO;
				SWIFT_VERSION = 5.0;
				TARGETED_DEVICE_FAMILY = "1,2";
				TEST_HOST = "$(BUILT_PRODUCTS_DIR)/DoctorLab.app/$(BUNDLE_EXECUTABLE_FOLDER_PATH)/DoctorLab";
			};
			name = Debug;
		};
		3FE21F382B0F18860037C009 /* Release */ = {
			isa = XCBuildConfiguration;
			buildSettings = {
				ALWAYS_EMBED_SWIFT_STANDARD_LIBRARIES = YES;
				BUNDLE_LOADER = "$(TEST_HOST)";
				CODE_SIGN_STYLE = Automatic;
				CURRENT_PROJECT_VERSION = 1;
				DEVELOPMENT_TEAM = GFT9G3BNCG;
				GENERATE_INFOPLIST_FILE = YES;
				IPHONEOS_DEPLOYMENT_TARGET = 16.2;
				MARKETING_VERSION = 1.0;
				PRODUCT_BUNDLE_IDENTIFIER = com.andreksus.DoctorLabTests;
				PRODUCT_NAME = "$(TARGET_NAME)";
				SWIFT_EMIT_LOC_STRINGS = NO;
				SWIFT_VERSION = 5.0;
				TARGETED_DEVICE_FAMILY = "1,2";
				TEST_HOST = "$(BUILT_PRODUCTS_DIR)/DoctorLab.app/$(BUNDLE_EXECUTABLE_FOLDER_PATH)/DoctorLab";
			};
			name = Release;
		};
		3FE21F3A2B0F18860037C009 /* Debug */ = {
			isa = XCBuildConfiguration;
			buildSettings = {
				ALWAYS_EMBED_SWIFT_STANDARD_LIBRARIES = YES;
				CODE_SIGN_STYLE = Automatic;
				CURRENT_PROJECT_VERSION = 1;
				DEVELOPMENT_TEAM = GFT9G3BNCG;
				GENERATE_INFOPLIST_FILE = YES;
				MARKETING_VERSION = 1.0;
				PRODUCT_BUNDLE_IDENTIFIER = com.andreksus.DoctorLabUITests;
				PRODUCT_NAME = "$(TARGET_NAME)";
				SWIFT_EMIT_LOC_STRINGS = NO;
				SWIFT_VERSION = 5.0;
				TARGETED_DEVICE_FAMILY = "1,2";
				TEST_TARGET_NAME = DoctorLab;
			};
			name = Debug;
		};
		3FE21F3B2B0F18860037C009 /* Release */ = {
			isa = XCBuildConfiguration;
			buildSettings = {
				ALWAYS_EMBED_SWIFT_STANDARD_LIBRARIES = YES;
				CODE_SIGN_STYLE = Automatic;
				CURRENT_PROJECT_VERSION = 1;
				DEVELOPMENT_TEAM = GFT9G3BNCG;
				GENERATE_INFOPLIST_FILE = YES;
				MARKETING_VERSION = 1.0;
				PRODUCT_BUNDLE_IDENTIFIER = com.andreksus.DoctorLabUITests;
				PRODUCT_NAME = "$(TARGET_NAME)";
				SWIFT_EMIT_LOC_STRINGS = NO;
				SWIFT_VERSION = 5.0;
				TARGETED_DEVICE_FAMILY = "1,2";
				TEST_TARGET_NAME = DoctorLab;
			};
			name = Release;
		};
/* End XCBuildConfiguration section */

/* Begin XCConfigurationList section */
		3FE21F0A2B0F18830037C009 /* Build configuration list for PBXProject "DoctorLab" */ = {
			isa = XCConfigurationList;
			buildConfigurations = (
				3FE21F312B0F18860037C009 /* Debug */,
				3FE21F322B0F18860037C009 /* Release */,
			);
			defaultConfigurationIsVisible = 0;
			defaultConfigurationName = Release;
		};
		3FE21F332B0F18860037C009 /* Build configuration list for PBXNativeTarget "DoctorLab" */ = {
			isa = XCConfigurationList;
			buildConfigurations = (
				3FE21F342B0F18860037C009 /* Debug */,
				3FE21F352B0F18860037C009 /* Release */,
			);
			defaultConfigurationIsVisible = 0;
			defaultConfigurationName = Release;
		};
		3FE21F362B0F18860037C009 /* Build configuration list for PBXNativeTarget "DoctorLabTests" */ = {
			isa = XCConfigurationList;
			buildConfigurations = (
				3FE21F372B0F18860037C009 /* Debug */,
				3FE21F382B0F18860037C009 /* Release */,
			);
			defaultConfigurationIsVisible = 0;
			defaultConfigurationName = Release;
		};
		3FE21F392B0F18860037C009 /* Build configuration list for PBXNativeTarget "DoctorLabUITests" */ = {
			isa = XCConfigurationList;
			buildConfigurations = (
				3FE21F3A2B0F18860037C009 /* Debug */,
				3FE21F3B2B0F18860037C009 /* Release */,
			);
			defaultConfigurationIsVisible = 0;
			defaultConfigurationName = Release;
		};
/* End XCConfigurationList section */
	};
	rootObject = 3FE21F072B0F18830037C009 /* Project object */;
}
